{
  "name": "111",
  "version": "0.1.0",
  "lockfileVersion": 2,
  "requires": true,
  "packages": {
    "": {
      "name": "111",
      "version": "0.1.0",
      "dependencies": {
        "axios": "^0.24.0",
        "codemirror": "^5.64.0",
        "dayjs": "^1.10.7",
        "element-ui": "^2.15.6",
        "file-saver": "^2.0.5",
        "js-yaml": "^4.1.0",
        "qs": "^6.10.2",
        "vue": "^2.6.11",
        "vue-router": "^3.2.0",
        "vuex": "^3.4.0",
        "vuex-persistedstate": "^4.1.0",
        "xlsx": "^0.17.4"
      },
      "devDependencies": {
        "@vue/cli-plugin-router": "~4.5.0",
        "@vue/cli-plugin-vuex": "~4.5.0",
        "@vue/cli-service": "~4.5.0",
        "http-proxy-middleware": "^2.0.1",
        "less": "^3.0.4",
        "less-loader": "^5.0.0",
        "script-loader": "^0.7.2",
        "vue-template-compiler": "^2.6.11"
      }
    },
    "node_modules/@babel/code-frame": {
      "version": "7.16.0",
      "resolved": "https://registry.npmmirror.com/@babel/code-frame/download/@babel/code-frame-7.16.0.tgz?cache=0&sync_timestamp=1635560663383&other_urls=https%3A%2F%2Fregistry.npmmirror.com%2F%40babel%2Fcode-frame%2Fdownload%2F%40babel%2Fcode-frame-7.16.0.tgz",
      "integrity": "sha1-DfyAMJvuyEEeZecGRhxAiwu5tDE=",
      "dev": true,
      "dependencies": {
        "@babel/highlight": "^7.16.0"
      },
      "engines": {
        "node": ">=6.9.0"
      }
    },
    "node_modules/@babel/helper-validator-identifier": {
      "version": "7.15.7",
      "resolved": "https://registry.nlark.com/@babel/helper-validator-identifier/download/@babel/helper-validator-identifier-7.15.7.tgz",
      "integrity": "sha1-Ig35k7/pBKSmsCq08zhaXr9uI4k=",
      "dev": true,
      "engines": {
        "node": ">=6.9.0"
      }
    },
    "node_modules/@babel/highlight": {
      "version": "7.16.0",
      "resolved": "https://registry.npmmirror.com/@babel/highlight/download/@babel/highlight-7.16.0.tgz?cache=0&sync_timestamp=1635560940881&other_urls=https%3A%2F%2Fregistry.npmmirror.com%2F%40babel%2Fhighlight%2Fdownload%2F%40babel%2Fhighlight-7.16.0.tgz",
      "integrity": "sha1-bOsysspLj182H7f9gh4/3fShclo=",
      "dev": true,
      "dependencies": {
        "@babel/helper-validator-identifier": "^7.15.7",
        "chalk": "^2.0.0",
        "js-tokens": "^4.0.0"
      },
      "engines": {
        "node": ">=6.9.0"
      }
    },
    "node_modules/@hapi/address": {
      "version": "2.1.4",
      "resolved": "https://registry.npmmirror.com/@hapi/address/download/@hapi/address-2.1.4.tgz",
      "integrity": "sha1-XWftQ/P9QaadS5/3tW58DR0KgeU=",
      "deprecated": "Moved to 'npm install @sideway/address'",
      "dev": true
    },
    "node_modules/@hapi/bourne": {
      "version": "1.3.2",
      "resolved": "https://registry.npmmirror.com/@hapi/bourne/download/@hapi/bourne-1.3.2.tgz",
      "integrity": "sha1-CnCVreoGckPOMoPhtWuKj0U7JCo=",
      "deprecated": "This version has been deprecated and is no longer supported or maintained",
      "dev": true
    },
    "node_modules/@hapi/hoek": {
      "version": "8.5.1",
      "resolved": "https://registry.npmmirror.com/@hapi/hoek/download/@hapi/hoek-8.5.1.tgz?cache=0&sync_timestamp=1632776609067&other_urls=https%3A%2F%2Fregistry.npmmirror.com%2F%40hapi%2Fhoek%2Fdownload%2F%40hapi%2Fhoek-8.5.1.tgz",
      "integrity": "sha1-/elgZMpEbeyMVajC8TCVewcMbgY=",
      "deprecated": "This version has been deprecated and is no longer supported or maintained",
      "dev": true
    },
    "node_modules/@hapi/joi": {
      "version": "15.1.1",
      "resolved": "https://registry.npmmirror.com/@hapi/joi/download/@hapi/joi-15.1.1.tgz",
      "integrity": "sha1-xnW4pxKW8Cgz+NbSQ7NMV7jOGdc=",
      "deprecated": "Switch to 'npm install joi'",
      "dev": true,
      "dependencies": {
        "@hapi/address": "2.x.x",
        "@hapi/bourne": "1.x.x",
        "@hapi/hoek": "8.x.x",
        "@hapi/topo": "3.x.x"
      }
    },
    "node_modules/@hapi/topo": {
      "version": "3.1.6",
      "resolved": "https://registry.nlark.com/@hapi/topo/download/@hapi/topo-3.1.6.tgz",
      "integrity": "sha1-aNk1+j6uf91asNf5U/MgXYsr/Ck=",
      "deprecated": "This version has been deprecated and is no longer supported or maintained",
      "dev": true,
      "dependencies": {
        "@hapi/hoek": "^8.3.0"
      }
    },
    "node_modules/@intervolga/optimize-cssnano-plugin": {
      "version": "1.0.6",
      "resolved": "https://registry.nlark.com/@intervolga/optimize-cssnano-plugin/download/@intervolga/optimize-cssnano-plugin-1.0.6.tgz",
      "integrity": "sha1-vnx4RhKLiPapsdEmGgrQbrXA/fg=",
      "dev": true,
      "dependencies": {
        "cssnano": "^4.0.0",
        "cssnano-preset-default": "^4.0.0",
        "postcss": "^7.0.0"
      },
      "peerDependencies": {
        "webpack": "^4.0.0"
      }
    },
    "node_modules/@mrmlnc/readdir-enhanced": {
      "version": "2.2.1",
      "resolved": "https://registry.nlark.com/@mrmlnc/readdir-enhanced/download/@mrmlnc/readdir-enhanced-2.2.1.tgz",
      "integrity": "sha1-UkryQNGjYFJ7cwR17PoTRKpUDd4=",
      "dev": true,
      "dependencies": {
        "call-me-maybe": "^1.0.1",
        "glob-to-regexp": "^0.3.0"
      },
      "engines": {
        "node": ">=4"
      }
    },
    "node_modules/@nodelib/fs.stat": {
      "version": "1.1.3",
      "resolved": "https://registry.nlark.com/@nodelib/fs.stat/download/@nodelib/fs.stat-1.1.3.tgz",
      "integrity": "sha1-K1o6s/kYzKSKjHVMCBaOPwPrphs=",
      "dev": true,
      "engines": {
        "node": ">= 6"
      }
    },
    "node_modules/@soda/friendly-errors-webpack-plugin": {
      "version": "1.8.1",
      "resolved": "https://registry.npmmirror.com/@soda/friendly-errors-webpack-plugin/download/@soda/friendly-errors-webpack-plugin-1.8.1.tgz?cache=0&sync_timestamp=1636965503646&other_urls=https%3A%2F%2Fregistry.npmmirror.com%2F%40soda%2Ffriendly-errors-webpack-plugin%2Fdownload%2F%40soda%2Ffriendly-errors-webpack-plugin-1.8.1.tgz",
      "integrity": "sha512-h2ooWqP8XuFqTXT+NyAFbrArzfQA7R6HTezADrvD9Re8fxMLTPPniLdqVTdDaO0eIoLaAwKT+d6w+5GeTk7Vbg==",
      "dev": true,
      "dependencies": {
        "chalk": "^3.0.0",
        "error-stack-parser": "^2.0.6",
        "string-width": "^4.2.3",
        "strip-ansi": "^6.0.1"
      },
      "engines": {
        "node": ">=8.0.0"
      },
      "peerDependencies": {
        "webpack": "^4.0.0 || ^5.0.0"
      }
    },
    "node_modules/@soda/friendly-errors-webpack-plugin/node_modules/ansi-styles": {
      "version": "4.3.0",
      "resolved": "https://registry.nlark.com/ansi-styles/download/ansi-styles-4.3.0.tgz",
      "integrity": "sha1-7dgDYornHATIWuegkG7a00tkiTc=",
      "dev": true,
      "dependencies": {
        "color-convert": "^2.0.1"
      },
      "engines": {
        "node": ">=8"
      }
    },
    "node_modules/@soda/friendly-errors-webpack-plugin/node_modules/chalk": {
      "version": "3.0.0",
      "resolved": "https://registry.npmmirror.com/chalk/download/chalk-3.0.0.tgz",
      "integrity": "sha1-P3PCv1JlkfV0zEksUeJFY0n4ROQ=",
      "dev": true,
      "dependencies": {
        "ansi-styles": "^4.1.0",
        "supports-color": "^7.1.0"
      },
      "engines": {
        "node": ">=8"
      }
    },
    "node_modules/@soda/friendly-errors-webpack-plugin/node_modules/color-convert": {
      "version": "2.0.1",
      "resolved": "https://registry.nlark.com/color-convert/download/color-convert-2.0.1.tgz",
      "integrity": "sha1-ctOmjVmMm9s68q0ehPIdiWq9TeM=",
      "dev": true,
      "dependencies": {
        "color-name": "~1.1.4"
      },
      "engines": {
        "node": ">=7.0.0"
      }
    },
    "node_modules/@soda/friendly-errors-webpack-plugin/node_modules/color-name": {
      "version": "1.1.4",
      "resolved": "https://registry.nlark.com/color-name/download/color-name-1.1.4.tgz",
      "integrity": "sha1-wqCah6y95pVD3m9j+jmVyCbFNqI=",
      "dev": true
    },
    "node_modules/@soda/friendly-errors-webpack-plugin/node_modules/has-flag": {
      "version": "4.0.0",
      "resolved": "https://registry.nlark.com/has-flag/download/has-flag-4.0.0.tgz?cache=0&sync_timestamp=1626715907927&other_urls=https%3A%2F%2Fregistry.nlark.com%2Fhas-flag%2Fdownload%2Fhas-flag-4.0.0.tgz",
      "integrity": "sha1-lEdx/ZyByBJlxNaUGGDaBrtZR5s=",
      "dev": true,
      "engines": {
        "node": ">=8"
      }
    },
    "node_modules/@soda/friendly-errors-webpack-plugin/node_modules/supports-color": {
      "version": "7.2.0",
      "resolved": "https://registry.npmmirror.com/supports-color/download/supports-color-7.2.0.tgz",
      "integrity": "sha1-G33NyzK4E4gBs+R4umpRyqiWSNo=",
      "dev": true,
      "dependencies": {
        "has-flag": "^4.0.0"
      },
      "engines": {
        "node": ">=8"
      }
    },
    "node_modules/@soda/get-current-script": {
      "version": "1.0.2",
      "resolved": "https://registry.npm.taobao.org/@soda/get-current-script/download/@soda/get-current-script-1.0.2.tgz",
      "integrity": "sha1-pTUV2yXYA4N0OBtzryC7Ty5QjYc=",
      "dev": true
    },
    "node_modules/@types/body-parser": {
      "version": "1.19.2",
      "resolved": "https://registry.npmmirror.com/@types/body-parser/download/@types/body-parser-1.19.2.tgz?cache=0&sync_timestamp=1637265034342&other_urls=https%3A%2F%2Fregistry.npmmirror.com%2F%40types%2Fbody-parser%2Fdownload%2F%40types%2Fbody-parser-1.19.2.tgz",
      "integrity": "sha512-ALYone6pm6QmwZoAgeyNksccT9Q4AWZQ6PvfwR37GT6r6FWUPguq6sUmNGSMV2Wr761oQoBxwGGa6DR5o1DC9g==",
      "dev": true,
      "dependencies": {
        "@types/connect": "*",
        "@types/node": "*"
      }
    },
    "node_modules/@types/connect": {
      "version": "3.4.35",
      "resolved": "https://registry.npmmirror.com/@types/connect/download/@types/connect-3.4.35.tgz?cache=0&sync_timestamp=1637264533049&other_urls=https%3A%2F%2Fregistry.npmmirror.com%2F%40types%2Fconnect%2Fdownload%2F%40types%2Fconnect-3.4.35.tgz",
      "integrity": "sha1-X89q5EXkAh0fwiGaSHPMc6O7KtE=",
      "dev": true,
      "dependencies": {
        "@types/node": "*"
      }
    },
    "node_modules/@types/connect-history-api-fallback": {
      "version": "1.3.5",
      "resolved": "https://registry.npmmirror.com/@types/connect-history-api-fallback/download/@types/connect-history-api-fallback-1.3.5.tgz",
      "integrity": "sha1-0feooJ0O1aV67lrpwYq5uAMgXa4=",
      "dev": true,
      "dependencies": {
        "@types/express-serve-static-core": "*",
        "@types/node": "*"
      }
    },
    "node_modules/@types/express": {
      "version": "4.17.13",
      "resolved": "https://registry.npmmirror.com/@types/express/download/@types/express-4.17.13.tgz",
      "integrity": "sha1-p24plXKJmbq1GjP6vOHXBaNwkDQ=",
      "dev": true,
      "dependencies": {
        "@types/body-parser": "*",
        "@types/express-serve-static-core": "^4.17.18",
        "@types/qs": "*",
        "@types/serve-static": "*"
      }
    },
    "node_modules/@types/express-serve-static-core": {
      "version": "4.17.26",
      "resolved": "https://registry.npmmirror.com/@types/express-serve-static-core/download/@types/express-serve-static-core-4.17.26.tgz",
      "integrity": "sha512-zeu3tpouA043RHxW0gzRxwCHchMgftE8GArRsvYT0ByDMbn19olQHx5jLue0LxWY6iYtXb7rXmuVtSkhy9YZvQ==",
      "dev": true,
      "dependencies": {
        "@types/node": "*",
        "@types/qs": "*",
        "@types/range-parser": "*"
      }
    },
    "node_modules/@types/glob": {
      "version": "7.2.0",
      "resolved": "https://registry.npmmirror.com/@types/glob/download/@types/glob-7.2.0.tgz",
      "integrity": "sha1-vBtb86qS8lvV3TnzXFc2G9zlsus=",
      "dev": true,
      "dependencies": {
        "@types/minimatch": "*",
        "@types/node": "*"
      }
    },
    "node_modules/@types/http-proxy": {
      "version": "1.17.8",
      "resolved": "https://registry.npmjs.org/@types/http-proxy/-/http-proxy-1.17.8.tgz",
      "integrity": "sha512-5kPLG5BKpWYkw/LVOGWpiq3nEVqxiN32rTgI53Sk12/xHFQ2rG3ehI9IO+O3W2QoKeyB92dJkoka8SUm6BX1pA==",
      "dev": true,
      "dependencies": {
        "@types/node": "*"
      }
    },
    "node_modules/@types/json-schema": {
      "version": "7.0.9",
      "resolved": "https://registry.npmmirror.com/@types/json-schema/download/@types/json-schema-7.0.9.tgz?cache=0&sync_timestamp=1637266119442&other_urls=https%3A%2F%2Fregistry.npmmirror.com%2F%40types%2Fjson-schema%2Fdownload%2F%40types%2Fjson-schema-7.0.9.tgz",
      "integrity": "sha1-l+3JA36gw4WFMgsolk3eOznkZg0=",
      "dev": true
    },
    "node_modules/@types/mime": {
      "version": "1.3.2",
      "resolved": "https://registry.npmmirror.com/@types/mime/download/@types/mime-1.3.2.tgz?cache=0&other_urls=https%3A%2F%2Fregistry.npmmirror.com%2F%40types%2Fmime%2Fdownload%2F%40types%2Fmime-1.3.2.tgz",
      "integrity": "sha1-k+Jb+e51/g/YC1lLxP6w6GIRG1o=",
      "dev": true
    },
    "node_modules/@types/minimatch": {
      "version": "3.0.5",
      "resolved": "https://registry.npmmirror.com/@types/minimatch/download/@types/minimatch-3.0.5.tgz?cache=0&sync_timestamp=1637267531979&other_urls=https%3A%2F%2Fregistry.npmmirror.com%2F%40types%2Fminimatch%2Fdownload%2F%40types%2Fminimatch-3.0.5.tgz",
      "integrity": "sha1-EAHMXmo3BLg8I2An538vWOoBD0A=",
      "dev": true
    },
    "node_modules/@types/minimist": {
      "version": "1.2.2",
      "resolved": "https://registry.npmmirror.com/@types/minimist/download/@types/minimist-1.2.2.tgz",
      "integrity": "sha1-7nceK6Sz3Fs3KTXVSf2WF780W4w=",
      "dev": true
    },
    "node_modules/@types/node": {
      "version": "16.11.12",
      "resolved": "https://registry.npmmirror.com/@types/node/download/@types/node-16.11.12.tgz",
      "integrity": "sha512-+2Iggwg7PxoO5Kyhvsq9VarmPbIelXP070HMImEpbtGCoyWNINQj4wzjbQCXzdHTRXnqufutJb5KAURZANNBAw==",
      "dev": true
    },
    "node_modules/@types/normalize-package-data": {
      "version": "2.4.1",
      "resolved": "https://registry.npmmirror.com/@types/normalize-package-data/download/@types/normalize-package-data-2.4.1.tgz",
      "integrity": "sha1-0zV0eaD9/dWQf+Z+F+CoXJBuEwE=",
      "dev": true
    },
    "node_modules/@types/q": {
      "version": "1.5.5",
      "resolved": "https://registry.npmmirror.com/@types/q/download/@types/q-1.5.5.tgz?cache=0&sync_timestamp=1637269733784&other_urls=https%3A%2F%2Fregistry.npmmirror.com%2F%40types%2Fq%2Fdownload%2F%40types%2Fq-1.5.5.tgz",
      "integrity": "sha1-daKo59irSyMEFFBdkjNdHctTpt8=",
      "dev": true
    },
    "node_modules/@types/qs": {
      "version": "6.9.7",
      "resolved": "https://registry.npmmirror.com/@types/qs/download/@types/qs-6.9.7.tgz?cache=0&sync_timestamp=1637268454704&other_urls=https%3A%2F%2Fregistry.npmmirror.com%2F%40types%2Fqs%2Fdownload%2F%40types%2Fqs-6.9.7.tgz",
      "integrity": "sha1-Y7t9Bn2xB8weRXwwO8JdUR/r9ss=",
      "dev": true
    },
    "node_modules/@types/range-parser": {
      "version": "1.2.4",
      "resolved": "https://registry.npmmirror.com/@types/range-parser/download/@types/range-parser-1.2.4.tgz?cache=0&sync_timestamp=1637268455466&other_urls=https%3A%2F%2Fregistry.npmmirror.com%2F%40types%2Frange-parser%2Fdownload%2F%40types%2Frange-parser-1.2.4.tgz",
      "integrity": "sha1-zWZ7z90CUhOq+3ylkVqTJZCs3Nw=",
      "dev": true
    },
    "node_modules/@types/serve-static": {
      "version": "1.13.10",
      "resolved": "https://registry.npmmirror.com/@types/serve-static/download/@types/serve-static-1.13.10.tgz",
      "integrity": "sha1-9eDOh5fS18xevtpIpSyWxPpHqNk=",
      "dev": true,
      "dependencies": {
        "@types/mime": "^1",
        "@types/node": "*"
      }
    },
    "node_modules/@types/source-list-map": {
      "version": "0.1.2",
      "resolved": "https://registry.npmmirror.com/@types/source-list-map/download/@types/source-list-map-0.1.2.tgz?cache=0&sync_timestamp=1637270181466&other_urls=https%3A%2F%2Fregistry.npmmirror.com%2F%40types%2Fsource-list-map%2Fdownload%2F%40types%2Fsource-list-map-0.1.2.tgz",
      "integrity": "sha1-AHiDYGP/rxdBI0m7o2QIfgrALsk=",
      "dev": true
    },
    "node_modules/@types/tapable": {
      "version": "1.0.8",
      "resolved": "https://registry.npmmirror.com/@types/tapable/download/@types/tapable-1.0.8.tgz?cache=0&sync_timestamp=1637270431380&other_urls=https%3A%2F%2Fregistry.npmmirror.com%2F%40types%2Ftapable%2Fdownload%2F%40types%2Ftapable-1.0.8.tgz",
      "integrity": "sha1-uUpDkchWZse3Mpn9OtedT6pDUxA=",
      "dev": true
    },
    "node_modules/@types/uglify-js": {
      "version": "3.13.1",
      "resolved": "https://registry.npmmirror.com/@types/uglify-js/download/@types/uglify-js-3.13.1.tgz?cache=0&sync_timestamp=1637270434902&other_urls=https%3A%2F%2Fregistry.npmmirror.com%2F%40types%2Fuglify-js%2Fdownload%2F%40types%2Fuglify-js-3.13.1.tgz",
      "integrity": "sha1-XoienoHpQkXHW2RQYA4cXqKHiuo=",
      "dev": true,
      "dependencies": {
        "source-map": "^0.6.1"
      }
    },
    "node_modules/@types/webpack": {
      "version": "4.41.32",
      "resolved": "https://registry.npmmirror.com/@types/webpack/download/@types/webpack-4.41.32.tgz?cache=0&sync_timestamp=1637270484829&other_urls=https%3A%2F%2Fregistry.npmmirror.com%2F%40types%2Fwebpack%2Fdownload%2F%40types%2Fwebpack-4.41.32.tgz",
      "integrity": "sha512-cb+0ioil/7oz5//7tZUSwbrSAN/NWHrQylz5cW8G0dWTcF/g+/dSdMlKVZspBYuMAN1+WnwHrkxiRrLcwd0Heg==",
      "dev": true,
      "dependencies": {
        "@types/node": "*",
        "@types/tapable": "^1",
        "@types/uglify-js": "*",
        "@types/webpack-sources": "*",
        "anymatch": "^3.0.0",
        "source-map": "^0.6.0"
      }
    },
    "node_modules/@types/webpack-dev-server": {
      "version": "3.11.6",
      "resolved": "https://registry.npmmirror.com/@types/webpack-dev-server/download/@types/webpack-dev-server-3.11.6.tgz?cache=0&sync_timestamp=1637270485167&other_urls=https%3A%2F%2Fregistry.npmmirror.com%2F%40types%2Fwebpack-dev-server%2Fdownload%2F%40types%2Fwebpack-dev-server-3.11.6.tgz",
      "integrity": "sha1-2IiM/S8GMCA+E9PteDOk0RuKNNw=",
      "dev": true,
      "dependencies": {
        "@types/connect-history-api-fallback": "*",
        "@types/express": "*",
        "@types/serve-static": "*",
        "@types/webpack": "^4",
        "http-proxy-middleware": "^1.0.0"
      }
    },
    "node_modules/@types/webpack-dev-server/node_modules/http-proxy-middleware": {
      "version": "1.3.1",
      "resolved": "https://registry.npmjs.org/http-proxy-middleware/-/http-proxy-middleware-1.3.1.tgz",
      "integrity": "sha512-13eVVDYS4z79w7f1+NPllJtOQFx/FdUW4btIvVRMaRlUY9VGstAbo5MOhLEuUgZFRHn3x50ufn25zkj/boZnEg==",
      "dev": true,
      "dependencies": {
        "@types/http-proxy": "^1.17.5",
        "http-proxy": "^1.18.1",
        "is-glob": "^4.0.1",
        "is-plain-obj": "^3.0.0",
        "micromatch": "^4.0.2"
      },
      "engines": {
        "node": ">=8.0.0"
      }
    },
    "node_modules/@types/webpack-sources": {
      "version": "3.2.0",
      "resolved": "https://registry.nlark.com/@types/webpack-sources/download/@types/webpack-sources-3.2.0.tgz?cache=0&sync_timestamp=1629709779161&other_urls=https%3A%2F%2Fregistry.nlark.com%2F%40types%2Fwebpack-sources%2Fdownload%2F%40types%2Fwebpack-sources-3.2.0.tgz",
      "integrity": "sha1-FtdZuglsKJA0smVT0t8b9FJI04s=",
      "dev": true,
      "dependencies": {
        "@types/node": "*",
        "@types/source-list-map": "*",
        "source-map": "^0.7.3"
      }
    },
    "node_modules/@types/webpack-sources/node_modules/source-map": {
      "version": "0.7.3",
      "resolved": "https://registry.npm.taobao.org/source-map/download/source-map-0.7.3.tgz",
      "integrity": "sha1-UwL4FpAxc1ImVECS5kmB91F1A4M=",
      "dev": true,
      "engines": {
        "node": ">= 8"
      }
    },
    "node_modules/@vue/cli-overlay": {
      "version": "4.5.15",
      "resolved": "https://registry.npmmirror.com/@vue/cli-overlay/download/@vue/cli-overlay-4.5.15.tgz?cache=0&sync_timestamp=1637121064421&other_urls=https%3A%2F%2Fregistry.npmmirror.com%2F%40vue%2Fcli-overlay%2Fdownload%2F%40vue%2Fcli-overlay-4.5.15.tgz",
      "integrity": "sha1-BwD9a605M21Bibo/99JeY46BjJw=",
      "dev": true
    },
    "node_modules/@vue/cli-plugin-router": {
      "version": "4.5.15",
      "resolved": "https://registry.npmmirror.com/@vue/cli-plugin-router/download/@vue/cli-plugin-router-4.5.15.tgz?cache=0&sync_timestamp=1637121138678&other_urls=https%3A%2F%2Fregistry.npmmirror.com%2F%40vue%2Fcli-plugin-router%2Fdownload%2F%40vue%2Fcli-plugin-router-4.5.15.tgz",
      "integrity": "sha1-HnXIyJ30LGlPFDufECjePPXWHh4=",
      "dev": true,
      "dependencies": {
        "@vue/cli-shared-utils": "^4.5.15"
      },
      "peerDependencies": {
        "@vue/cli-service": "^3.0.0 || ^4.0.0-0"
      }
    },
    "node_modules/@vue/cli-plugin-vuex": {
      "version": "4.5.15",
      "resolved": "https://registry.npmmirror.com/@vue/cli-plugin-vuex/download/@vue/cli-plugin-vuex-4.5.15.tgz",
      "integrity": "sha1-RmwfAnd9Av71Opu0mjbMOjvP7E4=",
      "dev": true,
      "peerDependencies": {
        "@vue/cli-service": "^3.0.0 || ^4.0.0-0"
      }
    },
    "node_modules/@vue/cli-service": {
      "version": "4.5.15",
      "resolved": "https://registry.npmmirror.com/@vue/cli-service/download/@vue/cli-service-4.5.15.tgz?cache=0&sync_timestamp=1637121086686&other_urls=https%3A%2F%2Fregistry.npmmirror.com%2F%40vue%2Fcli-service%2Fdownload%2F%40vue%2Fcli-service-4.5.15.tgz",
      "integrity": "sha1-DpoYbVFVACfQ5o6VBCB3600RW0U=",
      "dev": true,
      "dependencies": {
        "@intervolga/optimize-cssnano-plugin": "^1.0.5",
        "@soda/friendly-errors-webpack-plugin": "^1.7.1",
        "@soda/get-current-script": "^1.0.0",
        "@types/minimist": "^1.2.0",
        "@types/webpack": "^4.0.0",
        "@types/webpack-dev-server": "^3.11.0",
        "@vue/cli-overlay": "^4.5.15",
        "@vue/cli-plugin-router": "^4.5.15",
        "@vue/cli-plugin-vuex": "^4.5.15",
        "@vue/cli-shared-utils": "^4.5.15",
        "@vue/component-compiler-utils": "^3.1.2",
        "@vue/preload-webpack-plugin": "^1.1.0",
        "@vue/web-component-wrapper": "^1.2.0",
        "acorn": "^7.4.0",
        "acorn-walk": "^7.1.1",
        "address": "^1.1.2",
        "autoprefixer": "^9.8.6",
        "browserslist": "^4.12.0",
        "cache-loader": "^4.1.0",
        "case-sensitive-paths-webpack-plugin": "^2.3.0",
        "cli-highlight": "^2.1.4",
        "clipboardy": "^2.3.0",
        "cliui": "^6.0.0",
        "copy-webpack-plugin": "^5.1.1",
        "css-loader": "^3.5.3",
        "cssnano": "^4.1.10",
        "debug": "^4.1.1",
        "default-gateway": "^5.0.5",
        "dotenv": "^8.2.0",
        "dotenv-expand": "^5.1.0",
        "file-loader": "^4.2.0",
        "fs-extra": "^7.0.1",
        "globby": "^9.2.0",
        "hash-sum": "^2.0.0",
        "html-webpack-plugin": "^3.2.0",
        "launch-editor-middleware": "^2.2.1",
        "lodash.defaultsdeep": "^4.6.1",
        "lodash.mapvalues": "^4.6.0",
        "lodash.transform": "^4.6.0",
        "mini-css-extract-plugin": "^0.9.0",
        "minimist": "^1.2.5",
        "pnp-webpack-plugin": "^1.6.4",
        "portfinder": "^1.0.26",
        "postcss-loader": "^3.0.0",
        "ssri": "^8.0.1",
        "terser-webpack-plugin": "^1.4.4",
        "thread-loader": "^2.1.3",
        "url-loader": "^2.2.0",
        "vue-loader": "^15.9.2",
        "vue-style-loader": "^4.1.2",
        "webpack": "^4.0.0",
        "webpack-bundle-analyzer": "^3.8.0",
        "webpack-chain": "^6.4.0",
        "webpack-dev-server": "^3.11.0",
        "webpack-merge": "^4.2.2"
      },
      "bin": {
        "vue-cli-service": "bin/vue-cli-service.js"
      },
      "engines": {
        "node": ">=8"
      },
      "optionalDependencies": {
        "vue-loader-v16": "npm:vue-loader@^16.1.0"
      },
      "peerDependencies": {
        "@vue/compiler-sfc": "^3.0.0-beta.14",
        "vue-template-compiler": "^2.0.0"
      },
      "peerDependenciesMeta": {
        "@vue/compiler-sfc": {
          "optional": true
        },
        "less-loader": {
          "optional": true
        },
        "pug-plain-loader": {
          "optional": true
        },
        "raw-loader": {
          "optional": true
        },
        "sass-loader": {
          "optional": true
        },
        "stylus-loader": {
          "optional": true
        },
        "vue-template-compiler": {
          "optional": true
        }
      }
    },
    "node_modules/@vue/cli-service/node_modules/ansi-styles": {
      "version": "4.3.0",
      "resolved": "https://registry.npmjs.org/ansi-styles/-/ansi-styles-4.3.0.tgz",
      "integrity": "sha512-zbB9rCJAT1rbjiVDb2hqKFHNYLxgtk8NURxZ3IZwD3F6NtxbXZQCnnSi1Lkx+IDohdPlFp222wVALIheZJQSEg==",
      "dev": true,
      "optional": true,
      "dependencies": {
        "color-convert": "^2.0.1"
      },
      "engines": {
        "node": ">=8"
      }
    },
    "node_modules/@vue/cli-service/node_modules/chalk": {
      "version": "4.1.2",
      "resolved": "https://registry.npmjs.org/chalk/-/chalk-4.1.2.tgz",
      "integrity": "sha512-oKnbhFyRIXpUuez8iBMmyEa4nbj4IOQyuhc/wy9kY7/WVPcwIO9VA668Pu8RkO7+0G76SLROeyw9CpQ061i4mA==",
      "dev": true,
      "optional": true,
      "dependencies": {
        "ansi-styles": "^4.1.0",
        "supports-color": "^7.1.0"
      },
      "engines": {
        "node": ">=10"
      }
    },
    "node_modules/@vue/cli-service/node_modules/color-convert": {
      "version": "2.0.1",
      "resolved": "https://registry.npmjs.org/color-convert/-/color-convert-2.0.1.tgz",
      "integrity": "sha512-RRECPsj7iu/xb5oKYcsFHSppFNnsj/52OVTRKb4zP5onXwVF3zVmmToNcOfGC+CRDpfK/U584fMg38ZHCaElKQ==",
      "dev": true,
      "optional": true,
      "dependencies": {
        "color-name": "~1.1.4"
      },
      "engines": {
        "node": ">=7.0.0"
      }
    },
    "node_modules/@vue/cli-service/node_modules/color-name": {
      "version": "1.1.4",
      "resolved": "https://registry.npmjs.org/color-name/-/color-name-1.1.4.tgz",
      "integrity": "sha512-dOy+3AuW3a2wNbZHIuMZpTcgjGuLU/uBL/ubcZF9OXbDo8ff4O8yVp5Bf0efS8uEoYo5q4Fx7dY9OgQGXgAsQA==",
      "dev": true,
      "optional": true
    },
    "node_modules/@vue/cli-service/node_modules/has-flag": {
      "version": "4.0.0",
      "resolved": "https://registry.npmjs.org/has-flag/-/has-flag-4.0.0.tgz",
      "integrity": "sha512-EykJT/Q1KjTWctppgIAgfSO0tKVuZUjhgMr17kqTumMl6Afv3EISleU7qZUzoXDFTAHTDC4NOoG/ZxU3EvlMPQ==",
      "dev": true,
      "optional": true,
      "engines": {
        "node": ">=8"
      }
    },
    "node_modules/@vue/cli-service/node_modules/json5": {
      "version": "2.2.0",
      "resolved": "https://registry.npmjs.org/json5/-/json5-2.2.0.tgz",
      "integrity": "sha512-f+8cldu7X/y7RAJurMEJmdoKXGB/X550w2Nr3tTbezL6RwEE/iMcm+tZnXeoZtKuOq6ft8+CqzEkrIgx1fPoQA==",
      "dev": true,
      "optional": true,
      "dependencies": {
        "minimist": "^1.2.5"
      },
      "bin": {
        "json5": "lib/cli.js"
      },
      "engines": {
        "node": ">=6"
      }
    },
    "node_modules/@vue/cli-service/node_modules/loader-utils": {
      "version": "2.0.2",
      "resolved": "https://registry.npmjs.org/loader-utils/-/loader-utils-2.0.2.tgz",
      "integrity": "sha512-TM57VeHptv569d/GKh6TAYdzKblwDNiumOdkFnejjD0XwTH87K90w3O7AiJRqdQoXygvi1VQTJTLGhJl7WqA7A==",
      "dev": true,
      "optional": true,
      "dependencies": {
        "big.js": "^5.2.2",
        "emojis-list": "^3.0.0",
        "json5": "^2.1.2"
      },
      "engines": {
        "node": ">=8.9.0"
      }
    },
    "node_modules/@vue/cli-service/node_modules/supports-color": {
      "version": "7.2.0",
      "resolved": "https://registry.npmjs.org/supports-color/-/supports-color-7.2.0.tgz",
      "integrity": "sha512-qpCAvRl9stuOHveKsn7HncJRvv501qIacKzQlO/+Lwxc9+0q2wLyv4Dfvt80/DPn2pqOBsJdDiogXGR9+OvwRw==",
      "dev": true,
      "optional": true,
      "dependencies": {
        "has-flag": "^4.0.0"
      },
      "engines": {
        "node": ">=8"
      }
    },
    "node_modules/@vue/cli-service/node_modules/vue-loader-v16": {
      "name": "vue-loader",
      "version": "16.8.3",
      "resolved": "https://registry.npmjs.org/vue-loader/-/vue-loader-16.8.3.tgz",
      "integrity": "sha512-7vKN45IxsKxe5GcVCbc2qFU5aWzyiLrYJyUuMz4BQLKctCj/fmCa0w6fGiiQ2cLFetNcek1ppGJQDCup0c1hpA==",
      "dev": true,
      "optional": true,
      "dependencies": {
        "chalk": "^4.1.0",
        "hash-sum": "^2.0.0",
        "loader-utils": "^2.0.0"
      }
    },
    "node_modules/@vue/cli-shared-utils": {
      "version": "4.5.15",
      "resolved": "https://registry.npmmirror.com/@vue/cli-shared-utils/download/@vue/cli-shared-utils-4.5.15.tgz?cache=0&sync_timestamp=1637121137255&other_urls=https%3A%2F%2Fregistry.npmmirror.com%2F%40vue%2Fcli-shared-utils%2Fdownload%2F%40vue%2Fcli-shared-utils-4.5.15.tgz",
      "integrity": "sha1-26OFgWXb40ZXVfJWpIkOaQhFMtY=",
      "dev": true,
      "dependencies": {
        "@hapi/joi": "^15.0.1",
        "chalk": "^2.4.2",
        "execa": "^1.0.0",
        "launch-editor": "^2.2.1",
        "lru-cache": "^5.1.1",
        "node-ipc": "^9.1.1",
        "open": "^6.3.0",
        "ora": "^3.4.0",
        "read-pkg": "^5.1.1",
        "request": "^2.88.2",
        "semver": "^6.1.0",
        "strip-ansi": "^6.0.0"
      }
    },
    "node_modules/@vue/component-compiler-utils": {
      "version": "3.3.0",
      "resolved": "https://registry.npmmirror.com/@vue/component-compiler-utils/download/@vue/component-compiler-utils-3.3.0.tgz?cache=0&sync_timestamp=1635248334050&other_urls=https%3A%2F%2Fregistry.npmmirror.com%2F%40vue%2Fcomponent-compiler-utils%2Fdownload%2F%40vue%2Fcomponent-compiler-utils-3.3.0.tgz",
      "integrity": "sha1-+fX7U0ZLDDeyyNLz+/5E32D2Hck=",
      "dev": true,
      "dependencies": {
        "consolidate": "^0.15.1",
        "hash-sum": "^1.0.2",
        "lru-cache": "^4.1.2",
        "merge-source-map": "^1.1.0",
        "postcss": "^7.0.36",
        "postcss-selector-parser": "^6.0.2",
        "source-map": "~0.6.1",
        "vue-template-es2015-compiler": "^1.9.0"
      },
      "optionalDependencies": {
        "prettier": "^1.18.2 || ^2.0.0"
      }
    },
    "node_modules/@vue/component-compiler-utils/node_modules/hash-sum": {
      "version": "1.0.2",
      "resolved": "https://registry.nlark.com/hash-sum/download/hash-sum-1.0.2.tgz",
      "integrity": "sha1-M7QHd3VMZDJXPBIMw4CLvRDUfwQ=",
      "dev": true
    },
    "node_modules/@vue/component-compiler-utils/node_modules/lru-cache": {
      "version": "4.1.5",
      "resolved": "https://registry.nlark.com/lru-cache/download/lru-cache-4.1.5.tgz",
      "integrity": "sha1-i75Q6oW+1ZvJ4z3KuCNe6bz0Q80=",
      "dev": true,
      "dependencies": {
        "pseudomap": "^1.0.2",
        "yallist": "^2.1.2"
      }
    },
    "node_modules/@vue/component-compiler-utils/node_modules/yallist": {
      "version": "2.1.2",
      "resolved": "https://registry.npm.taobao.org/yallist/download/yallist-2.1.2.tgz",
      "integrity": "sha1-HBH5IY8HYImkfdUS+TxmmaaoHVI=",
      "dev": true
    },
    "node_modules/@vue/preload-webpack-plugin": {
      "version": "1.1.2",
      "resolved": "https://registry.nlark.com/@vue/preload-webpack-plugin/download/@vue/preload-webpack-plugin-1.1.2.tgz",
      "integrity": "sha1-zrkktOyzucQ4ccekKaAvhCPmIas=",
      "dev": true,
      "engines": {
        "node": ">=6.0.0"
      },
      "peerDependencies": {
        "html-webpack-plugin": ">=2.26.0",
        "webpack": ">=4.0.0"
      }
    },
    "node_modules/@vue/web-component-wrapper": {
      "version": "1.3.0",
      "resolved": "https://registry.nlark.com/@vue/web-component-wrapper/download/@vue/web-component-wrapper-1.3.0.tgz",
      "integrity": "sha1-trQKdiVCnSvXwigd26YB7QXcfxo=",
      "dev": true
    },
    "node_modules/@webassemblyjs/ast": {
      "version": "1.9.0",
      "resolved": "https://registry.nlark.com/@webassemblyjs/ast/download/@webassemblyjs/ast-1.9.0.tgz",
      "integrity": "sha1-vYUGBLQEJFmlpBzX0zjL7Wle2WQ=",
      "dev": true,
      "dependencies": {
        "@webassemblyjs/helper-module-context": "1.9.0",
        "@webassemblyjs/helper-wasm-bytecode": "1.9.0",
        "@webassemblyjs/wast-parser": "1.9.0"
      }
    },
    "node_modules/@webassemblyjs/floating-point-hex-parser": {
      "version": "1.9.0",
      "resolved": "https://registry.nlark.com/@webassemblyjs/floating-point-hex-parser/download/@webassemblyjs/floating-point-hex-parser-1.9.0.tgz",
      "integrity": "sha1-PD07Jxvd/ITesA9xNEQ4MR1S/7Q=",
      "dev": true
    },
    "node_modules/@webassemblyjs/helper-api-error": {
      "version": "1.9.0",
      "resolved": "https://registry.nlark.com/@webassemblyjs/helper-api-error/download/@webassemblyjs/helper-api-error-1.9.0.tgz?cache=0&sync_timestamp=1625473346773&other_urls=https%3A%2F%2Fregistry.nlark.com%2F%40webassemblyjs%2Fhelper-api-error%2Fdownload%2F%40webassemblyjs%2Fhelper-api-error-1.9.0.tgz",
      "integrity": "sha1-ID9nbjM7lsnaLuqzzO8zxFkotqI=",
      "dev": true
    },
    "node_modules/@webassemblyjs/helper-buffer": {
      "version": "1.9.0",
      "resolved": "https://registry.nlark.com/@webassemblyjs/helper-buffer/download/@webassemblyjs/helper-buffer-1.9.0.tgz",
      "integrity": "sha1-oUQtJpxf6yP8vJ73WdrDVH8p3gA=",
      "dev": true
    },
    "node_modules/@webassemblyjs/helper-code-frame": {
      "version": "1.9.0",
      "resolved": "https://registry.nlark.com/@webassemblyjs/helper-code-frame/download/@webassemblyjs/helper-code-frame-1.9.0.tgz?cache=0&sync_timestamp=1625473466896&other_urls=https%3A%2F%2Fregistry.nlark.com%2F%40webassemblyjs%2Fhelper-code-frame%2Fdownload%2F%40webassemblyjs%2Fhelper-code-frame-1.9.0.tgz",
      "integrity": "sha1-ZH+Iks0gQ6gqwMjF51w28dkVnyc=",
      "dev": true,
      "dependencies": {
        "@webassemblyjs/wast-printer": "1.9.0"
      }
    },
    "node_modules/@webassemblyjs/helper-fsm": {
      "version": "1.9.0",
      "resolved": "https://registry.nlark.com/@webassemblyjs/helper-fsm/download/@webassemblyjs/helper-fsm-1.9.0.tgz?cache=0&sync_timestamp=1625473463325&other_urls=https%3A%2F%2Fregistry.nlark.com%2F%40webassemblyjs%2Fhelper-fsm%2Fdownload%2F%40webassemblyjs%2Fhelper-fsm-1.9.0.tgz",
      "integrity": "sha1-wFJWtxJEIUZx9LCOwQitY7cO3bg=",
      "dev": true
    },
    "node_modules/@webassemblyjs/helper-module-context": {
      "version": "1.9.0",
      "resolved": "https://registry.nlark.com/@webassemblyjs/helper-module-context/download/@webassemblyjs/helper-module-context-1.9.0.tgz",
      "integrity": "sha1-JdiIS3aDmHGgimxvgGw5ee9xLwc=",
      "dev": true,
      "dependencies": {
        "@webassemblyjs/ast": "1.9.0"
      }
    },
    "node_modules/@webassemblyjs/helper-wasm-bytecode": {
      "version": "1.9.0",
      "resolved": "https://registry.nlark.com/@webassemblyjs/helper-wasm-bytecode/download/@webassemblyjs/helper-wasm-bytecode-1.9.0.tgz",
      "integrity": "sha1-T+2L6sm4wU+MWLcNEk1UndH+V5A=",
      "dev": true
    },
    "node_modules/@webassemblyjs/helper-wasm-section": {
      "version": "1.9.0",
      "resolved": "https://registry.nlark.com/@webassemblyjs/helper-wasm-section/download/@webassemblyjs/helper-wasm-section-1.9.0.tgz?cache=0&sync_timestamp=1625473466570&other_urls=https%3A%2F%2Fregistry.nlark.com%2F%40webassemblyjs%2Fhelper-wasm-section%2Fdownload%2F%40webassemblyjs%2Fhelper-wasm-section-1.9.0.tgz",
      "integrity": "sha1-WkE41aYpK6GLBMWuSXF+QWeWU0Y=",
      "dev": true,
      "dependencies": {
        "@webassemblyjs/ast": "1.9.0",
        "@webassemblyjs/helper-buffer": "1.9.0",
        "@webassemblyjs/helper-wasm-bytecode": "1.9.0",
        "@webassemblyjs/wasm-gen": "1.9.0"
      }
    },
    "node_modules/@webassemblyjs/ieee754": {
      "version": "1.9.0",
      "resolved": "https://registry.nlark.com/@webassemblyjs/ieee754/download/@webassemblyjs/ieee754-1.9.0.tgz",
      "integrity": "sha1-Fceg+6roP7JhQ7us9tbfFwKtOeQ=",
      "dev": true,
      "dependencies": {
        "@xtuc/ieee754": "^1.2.0"
      }
    },
    "node_modules/@webassemblyjs/leb128": {
      "version": "1.9.0",
      "resolved": "https://registry.nlark.com/@webassemblyjs/leb128/download/@webassemblyjs/leb128-1.9.0.tgz",
      "integrity": "sha1-8Zygt2ptxVYjoJz/p2noOPoeHJU=",
      "dev": true,
      "dependencies": {
        "@xtuc/long": "4.2.2"
      }
    },
    "node_modules/@webassemblyjs/utf8": {
      "version": "1.9.0",
      "resolved": "https://registry.nlark.com/@webassemblyjs/utf8/download/@webassemblyjs/utf8-1.9.0.tgz",
      "integrity": "sha1-BNM7Y2945qaBMifoJAL3Y3tiKas=",
      "dev": true
    },
    "node_modules/@webassemblyjs/wasm-edit": {
      "version": "1.9.0",
      "resolved": "https://registry.nlark.com/@webassemblyjs/wasm-edit/download/@webassemblyjs/wasm-edit-1.9.0.tgz?cache=0&sync_timestamp=1625473422937&other_urls=https%3A%2F%2Fregistry.nlark.com%2F%40webassemblyjs%2Fwasm-edit%2Fdownload%2F%40webassemblyjs%2Fwasm-edit-1.9.0.tgz",
      "integrity": "sha1-P+bXnT8PkiGDqoYALELdJWz+6c8=",
      "dev": true,
      "dependencies": {
        "@webassemblyjs/ast": "1.9.0",
        "@webassemblyjs/helper-buffer": "1.9.0",
        "@webassemblyjs/helper-wasm-bytecode": "1.9.0",
        "@webassemblyjs/helper-wasm-section": "1.9.0",
        "@webassemblyjs/wasm-gen": "1.9.0",
        "@webassemblyjs/wasm-opt": "1.9.0",
        "@webassemblyjs/wasm-parser": "1.9.0",
        "@webassemblyjs/wast-printer": "1.9.0"
      }
    },
    "node_modules/@webassemblyjs/wasm-gen": {
      "version": "1.9.0",
      "resolved": "https://registry.nlark.com/@webassemblyjs/wasm-gen/download/@webassemblyjs/wasm-gen-1.9.0.tgz?cache=0&sync_timestamp=1625473464969&other_urls=https%3A%2F%2Fregistry.nlark.com%2F%40webassemblyjs%2Fwasm-gen%2Fdownload%2F%40webassemblyjs%2Fwasm-gen-1.9.0.tgz",
      "integrity": "sha1-ULxw7Gje2OJ2OwGhQYv0NJGnpJw=",
      "dev": true,
      "dependencies": {
        "@webassemblyjs/ast": "1.9.0",
        "@webassemblyjs/helper-wasm-bytecode": "1.9.0",
        "@webassemblyjs/ieee754": "1.9.0",
        "@webassemblyjs/leb128": "1.9.0",
        "@webassemblyjs/utf8": "1.9.0"
      }
    },
    "node_modules/@webassemblyjs/wasm-opt": {
      "version": "1.9.0",
      "resolved": "https://registry.nlark.com/@webassemblyjs/wasm-opt/download/@webassemblyjs/wasm-opt-1.9.0.tgz?cache=0&sync_timestamp=1625473467198&other_urls=https%3A%2F%2Fregistry.nlark.com%2F%40webassemblyjs%2Fwasm-opt%2Fdownload%2F%40webassemblyjs%2Fwasm-opt-1.9.0.tgz",
      "integrity": "sha1-IhEYHlsxMmRDzIES658LkChyGmE=",
      "dev": true,
      "dependencies": {
        "@webassemblyjs/ast": "1.9.0",
        "@webassemblyjs/helper-buffer": "1.9.0",
        "@webassemblyjs/wasm-gen": "1.9.0",
        "@webassemblyjs/wasm-parser": "1.9.0"
      }
    },
    "node_modules/@webassemblyjs/wasm-parser": {
      "version": "1.9.0",
      "resolved": "https://registry.nlark.com/@webassemblyjs/wasm-parser/download/@webassemblyjs/wasm-parser-1.9.0.tgz",
      "integrity": "sha1-nUjkSCbfSmWYKUqmyHRp1kL/9l4=",
      "dev": true,
      "dependencies": {
        "@webassemblyjs/ast": "1.9.0",
        "@webassemblyjs/helper-api-error": "1.9.0",
        "@webassemblyjs/helper-wasm-bytecode": "1.9.0",
        "@webassemblyjs/ieee754": "1.9.0",
        "@webassemblyjs/leb128": "1.9.0",
        "@webassemblyjs/utf8": "1.9.0"
      }
    },
    "node_modules/@webassemblyjs/wast-parser": {
      "version": "1.9.0",
      "resolved": "https://registry.nlark.com/@webassemblyjs/wast-parser/download/@webassemblyjs/wast-parser-1.9.0.tgz?cache=0&sync_timestamp=1625473467847&other_urls=https%3A%2F%2Fregistry.nlark.com%2F%40webassemblyjs%2Fwast-parser%2Fdownload%2F%40webassemblyjs%2Fwast-parser-1.9.0.tgz",
      "integrity": "sha1-MDERXXmsW9JhVWzsw/qQo+9FGRQ=",
      "dev": true,
      "dependencies": {
        "@webassemblyjs/ast": "1.9.0",
        "@webassemblyjs/floating-point-hex-parser": "1.9.0",
        "@webassemblyjs/helper-api-error": "1.9.0",
        "@webassemblyjs/helper-code-frame": "1.9.0",
        "@webassemblyjs/helper-fsm": "1.9.0",
        "@xtuc/long": "4.2.2"
      }
    },
    "node_modules/@webassemblyjs/wast-printer": {
      "version": "1.9.0",
      "resolved": "https://registry.nlark.com/@webassemblyjs/wast-printer/download/@webassemblyjs/wast-printer-1.9.0.tgz",
      "integrity": "sha1-STXVTIX+9jewDOn1I3dFHQDUeJk=",
      "dev": true,
      "dependencies": {
        "@webassemblyjs/ast": "1.9.0",
        "@webassemblyjs/wast-parser": "1.9.0",
        "@xtuc/long": "4.2.2"
      }
    },
    "node_modules/@xtuc/ieee754": {
      "version": "1.2.0",
      "resolved": "https://registry.npm.taobao.org/@xtuc/ieee754/download/@xtuc/ieee754-1.2.0.tgz",
      "integrity": "sha1-7vAUoxRa5Hehy8AM0eVSM23Ot5A=",
      "dev": true
    },
    "node_modules/@xtuc/long": {
      "version": "4.2.2",
      "resolved": "https://registry.nlark.com/@xtuc/long/download/@xtuc/long-4.2.2.tgz",
      "integrity": "sha1-0pHGpOl5ibXGHZrPOWrk/hM6cY0=",
      "dev": true
    },
    "node_modules/accepts": {
      "version": "1.3.7",
      "resolved": "https://registry.nlark.com/accepts/download/accepts-1.3.7.tgz",
      "integrity": "sha1-UxvHJlF6OytB+FACHGzBXqq1B80=",
      "dev": true,
      "dependencies": {
        "mime-types": "~2.1.24",
        "negotiator": "0.6.2"
      },
      "engines": {
        "node": ">= 0.6"
      }
    },
    "node_modules/acorn": {
      "version": "7.4.1",
      "resolved": "https://registry.npmmirror.com/acorn/download/acorn-7.4.1.tgz?cache=0&sync_timestamp=1637225522161&other_urls=https%3A%2F%2Fregistry.npmmirror.com%2Facorn%2Fdownload%2Facorn-7.4.1.tgz",
      "integrity": "sha1-/q7SVZc9LndVW4PbwIhRpsY1IPo=",
      "dev": true,
      "bin": {
        "acorn": "bin/acorn"
      },
      "engines": {
        "node": ">=0.4.0"
      }
    },
  }
}
