{
  "name": "111",
  "version": "0.1.0",
  "lockfileVersion": 2,
  "requires": true,
  "packages": {
    "": {
      "name": "111",
      "version": "0.1.0",
      "dependencies": {
        "axios": "^0.24.0",
        "codemirror": "^5.64.0",
        "dayjs": "^1.10.7",
        "element-ui": "^2.15.6",
        "file-saver": "^2.0.5",
        "js-yaml": "^4.1.0",
        "qs": "^6.10.2",
        "vue": "^2.6.11",
        "vue-router": "^3.2.0",
        "vuex": "^3.4.0",
        "vuex-persistedstate": "^4.1.0",
        "xlsx": "^0.17.4"
      },
      "devDependencies": {
        "@vue/cli-plugin-router": "~4.5.0",
        "@vue/cli-plugin-vuex": "~4.5.0",
        "@vue/cli-service": "~4.5.0",
        "http-proxy-middleware": "^2.0.1",
        "less": "^3.0.4",
        "less-loader": "^5.0.0",
        "script-loader": "^0.7.2",
        "vue-template-compiler": "^2.6.11"
      }
    },
    "node_modules/@babel/code-frame": {
      "version": "7.16.0",
      "resolved": "https://registry.npmmirror.com/@babel/code-frame/download/@babel/code-frame-7.16.0.tgz?cache=0&sync_timestamp=1635560663383&other_urls=https%3A%2F%2Fregistry.npmmirror.com%2F%40babel%2Fcode-frame%2Fdownload%2F%40babel%2Fcode-frame-7.16.0.tgz",
      "integrity": "sha1-DfyAMJvuyEEeZecGRhxAiwu5tDE=",
      "dev": true,
      "dependencies": {
        "@babel/highlight": "^7.16.0"
      },
      "engines": {
        "node": ">=6.9.0"
      }
    },
    "node_modules/@babel/helper-validator-identifier": {
      "version": "7.15.7",
      "resolved": "https://registry.nlark.com/@babel/helper-validator-identifier/download/@babel/helper-validator-identifier-7.15.7.tgz",
      "integrity": "sha1-Ig35k7/pBKSmsCq08zhaXr9uI4k=",
      "dev": true,
      "engines": {
        "node": ">=6.9.0"
      }
    },
    "node_modules/@babel/highlight": {
      "version": "7.16.0",
      "resolved": "https://registry.npmmirror.com/@babel/highlight/download/@babel/highlight-7.16.0.tgz?cache=0&sync_timestamp=1635560940881&other_urls=https%3A%2F%2Fregistry.npmmirror.com%2F%40babel%2Fhighlight%2Fdownload%2F%40babel%2Fhighlight-7.16.0.tgz",
      "integrity": "sha1-bOsysspLj182H7f9gh4/3fShclo=",
      "dev": true,
      "dependencies": {
        "@babel/helper-validator-identifier": "^7.15.7",
        "chalk": "^2.0.0",
        "js-tokens": "^4.0.0"
      },
      "engines": {
        "node": ">=6.9.0"
      }
    },
    "node_modules/@hapi/address": {
      "version": "2.1.4",
      "resolved": "https://registry.npmmirror.com/@hapi/address/download/@hapi/address-2.1.4.tgz",
      "integrity": "sha1-XWftQ/P9QaadS5/3tW58DR0KgeU=",
      "deprecated": "Moved to 'npm install @sideway/address'",
      "dev": true
    },
    "node_modules/@hapi/bourne": {
      "version": "1.3.2",
      "resolved": "https://registry.npmmirror.com/@hapi/bourne/download/@hapi/bourne-1.3.2.tgz",
      "integrity": "sha1-CnCVreoGckPOMoPhtWuKj0U7JCo=",
      "deprecated": "This version has been deprecated and is no longer supported or maintained",
      "dev": true
    },
    "node_modules/@hapi/hoek": {
      "version": "8.5.1",
      "resolved": "https://registry.npmmirror.com/@hapi/hoek/download/@hapi/hoek-8.5.1.tgz?cache=0&sync_timestamp=1632776609067&other_urls=https%3A%2F%2Fregistry.npmmirror.com%2F%40hapi%2Fhoek%2Fdownload%2F%40hapi%2Fhoek-8.5.1.tgz",
      "integrity": "sha1-/elgZMpEbeyMVajC8TCVewcMbgY=",
      "deprecated": "This version has been deprecated and is no longer supported or maintained",
      "dev": true
    },
    "node_modules/@hapi/joi": {
      "version": "15.1.1",
      "resolved": "https://registry.npmmirror.com/@hapi/joi/download/@hapi/joi-15.1.1.tgz",
      "integrity": "sha1-xnW4pxKW8Cgz+NbSQ7NMV7jOGdc=",
      "deprecated": "Switch to 'npm install joi'",
      "dev": true,
      "dependencies": {
        "@hapi/address": "2.x.x",
        "@hapi/bourne": "1.x.x",
        "@hapi/hoek": "8.x.x",
        "@hapi/topo": "3.x.x"
      }
    },
    "node_modules/@hapi/topo": {
      "version": "3.1.6",
      "resolved": "https://registry.nlark.com/@hapi/topo/download/@hapi/topo-3.1.6.tgz",
      "integrity": "sha1-aNk1+j6uf91asNf5U/MgXYsr/Ck=",
      "deprecated": "This version has been deprecated and is no longer supported or maintained",
      "dev": true,
      "dependencies": {
        "@hapi/hoek": "^8.3.0"
      }
    },
    "node_modules/@intervolga/optimize-cssnano-plugin": {
      "version": "1.0.6",
      "resolved": "https://registry.nlark.com/@intervolga/optimize-cssnano-plugin/download/@intervolga/optimize-cssnano-plugin-1.0.6.tgz",
      "integrity": "sha1-vnx4RhKLiPapsdEmGgrQbrXA/fg=",
      "dev": true,
      "dependencies": {
        "cssnano": "^4.0.0",
        "cssnano-preset-default": "^4.0.0",
        "postcss": "^7.0.0"
      },
      "peerDependencies": {
        "webpack": "^4.0.0"
      }
    },
    "node_modules/@mrmlnc/readdir-enhanced": {
      "version": "2.2.1",
      "resolved": "https://registry.nlark.com/@mrmlnc/readdir-enhanced/download/@mrmlnc/readdir-enhanced-2.2.1.tgz",
      "integrity": "sha1-UkryQNGjYFJ7cwR17PoTRKpUDd4=",
      "dev": true,
      "dependencies": {
        "call-me-maybe": "^1.0.1",
        "glob-to-regexp": "^0.3.0"
      },
      "engines": {
        "node": ">=4"
      }
    },
    "node_modules/@nodelib/fs.stat": {
      "version": "1.1.3",
      "resolved": "https://registry.nlark.com/@nodelib/fs.stat/download/@nodelib/fs.stat-1.1.3.tgz",
      "integrity": "sha1-K1o6s/kYzKSKjHVMCBaOPwPrphs=",
      "dev": true,
      "engines": {
        "node": ">= 6"
      }
    },
    "node_modules/@soda/friendly-errors-webpack-plugin": {
      "version": "1.8.1",
      "resolved": "https://registry.npmmirror.com/@soda/friendly-errors-webpack-plugin/download/@soda/friendly-errors-webpack-plugin-1.8.1.tgz?cache=0&sync_timestamp=1636965503646&other_urls=https%3A%2F%2Fregistry.npmmirror.com%2F%40soda%2Ffriendly-errors-webpack-plugin%2Fdownload%2F%40soda%2Ffriendly-errors-webpack-plugin-1.8.1.tgz",
      "integrity": "sha512-h2ooWqP8XuFqTXT+NyAFbrArzfQA7R6HTezADrvD9Re8fxMLTPPniLdqVTdDaO0eIoLaAwKT+d6w+5GeTk7Vbg==",
      "dev": true,
      "dependencies": {
        "chalk": "^3.0.0",
        "error-stack-parser": "^2.0.6",
        "string-width": "^4.2.3",
        "strip-ansi": "^6.0.1"
      },
      "engines": {
        "node": ">=8.0.0"
      },
      "peerDependencies": {
        "webpack": "^4.0.0 || ^5.0.0"
      }
    },
    "node_modules/@soda/friendly-errors-webpack-plugin/node_modules/ansi-styles": {
      "version": "4.3.0",
      "resolved": "https://registry.nlark.com/ansi-styles/download/ansi-styles-4.3.0.tgz",
      "integrity": "sha1-7dgDYornHATIWuegkG7a00tkiTc=",
      "dev": true,
      "dependencies": {
        "color-convert": "^2.0.1"
      },
      "engines": {
        "node": ">=8"
      }
    },
    "node_modules/@soda/friendly-errors-webpack-plugin/node_modules/chalk": {
      "version": "3.0.0",
      "resolved": "https://registry.npmmirror.com/chalk/download/chalk-3.0.0.tgz",
      "integrity": "sha1-P3PCv1JlkfV0zEksUeJFY0n4ROQ=",
      "dev": true,
      "dependencies": {
        "ansi-styles": "^4.1.0",
        "supports-color": "^7.1.0"
      },
      "engines": {
        "node": ">=8"
      }
    },
  }
}
